
Microsoft Visual Studio Solution File, Format Version 12.00
# Visual Studio Version 16
VisualStudioVersion = 16.0.32602.291
MinimumVisualStudioVersion = 10.0.40219.1
Project("{2150E333-8FDC-42A3-9474-1A3956D46DE8}") = "Services", "Services", "{FC1986AF-12AD-4766-805F-8E13B64C024F}"
EndProject
Project("{2150E333-8FDC-42A3-9474-1A3956D46DE8}") = "Catalog", "Catalog", "{B8B82BF5-2A25-40A7-9F97-65545B96C6DE}"
EndProject
Project("{9A19103F-16F7-4668-BE54-9A1E7A4F7556}") = "Catalog.API", "Services\Catalog\Catalog.API\Catalog.API.csproj", "{8584677C-9C60-46FE-8C9C-36F4DFBAD4A7}"
EndProject
Project("{E53339B2-1760-4266-BCC7-CA923CBCF16C}") = "docker-compose", "docker-compose.dcproj", "{A9A940F1-E50E-4064-ABFA-5F122A6D0B91}"
EndProject
Project("{2150E333-8FDC-42A3-9474-1A3956D46DE8}") = "Basket", "Basket", "{FC472629-5099-4766-AA90-C83C8F00208A}"
EndProject
Project("{9A19103F-16F7-4668-BE54-9A1E7A4F7556}") = "Basket.API", "Services\Basket\Basket.API\Basket.API.csproj", "{003B200B-3C09-47B7-995F-DF79F491E535}"
EndProject
Project("{2150E333-8FDC-42A3-9474-1A3956D46DE8}") = "Discount", "Discount", "{C315DFCC-7895-44E2-816E-5581D9AA0B34}"
EndProject
Project("{9A19103F-16F7-4668-BE54-9A1E7A4F7556}") = "Discount.API", "Services\Discount\Discount.API\Discount.API.csproj", "{3F309DEC-646A-4F2D-9323-1489D7D5B9E5}"
EndProject
Project("{9A19103F-16F7-4668-BE54-9A1E7A4F7556}") = "Discount.Grpc", "Services\Discount\Discount.Grpc\Discount.Grpc.csproj", "{6FB834A4-B2C4-4C44-9001-D1EC59F57B86}"
EndProject
Project("{2150E333-8FDC-42A3-9474-1A3956D46DE8}") = "Ordering", "Ordering", "{EA003651-83B3-438D-8E9A-0FFAE6D8DE49}"
EndProject
Project("{9A19103F-16F7-4668-BE54-9A1E7A4F7556}") = "Ordering.API", "Services\Ordering\Ordering.API\Ordering.API.csproj", "{81A707E7-4D1D-4115-900F-52ECC01291F3}"
EndProject
Project("{9A19103F-16F7-4668-BE54-9A1E7A4F7556}") = "Ordering.Domain", "Services\Ordering\Ordering.Domain\Ordering.Domain.csproj", "{01E440DD-1EB9-431C-B927-9B5753FAF4AD}"
EndProject
Project("{9A19103F-16F7-4668-BE54-9A1E7A4F7556}") = "Ordering.Application", "Services\Ordering\Ordering.Application\Ordering.Application.csproj", "{AD499050-2D94-449D-B7F4-409A057CEEBA}"
EndProject
Project("{9A19103F-16F7-4668-BE54-9A1E7A4F7556}") = "Ordering.Infrastructure", "Services\Ordering\Ordering.Infrastructure\Ordering.Infrastructure.csproj", "{B4AFC974-6630-4948-94AF-848FD6C13459}"
EndProject
Project("{2150E333-8FDC-42A3-9474-1A3956D46DE8}") = "BuildingBlocks", "BuildingBlocks", "{43097928-09E8-4C3A-92ED-5771397441F1}"
EndProject
Project("{9A19103F-16F7-4668-BE54-9A1E7A4F7556}") = "EventBus.Messages", "BuildingBlocks\EventBus.Messages\EventBus.Messages.csproj", "{B59B37C0-D32E-4259-B040-0F711038C2F1}"
EndProject
Project("{2150E333-8FDC-42A3-9474-1A3956D46DE8}") = "APIGateways", "APIGateways", "{BAD6B094-322E-4CAF-87BD-1A92FD381D15}"
EndProject
Project("{FAE04EC0-301F-11D3-BF4B-00C04F79EFBC}") = "OcelotApiGw", "APIGateways\OcelotApiGw\OcelotApiGw.csproj", "{B0A94D4F-8A63-4B95-A10D-B1248C665188}"
EndProject
Global
	GlobalSection(SolutionConfigurationPlatforms) = preSolution
		Debug|Any CPU = Debug|Any CPU
		Release|Any CPU = Release|Any CPU
	EndGlobalSection
	GlobalSection(ProjectConfigurationPlatforms) = postSolution
		{8584677C-9C60-46FE-8C9C-36F4DFBAD4A7}.Debug|Any CPU.ActiveCfg = Debug|Any CPU
		{8584677C-9C60-46FE-8C9C-36F4DFBAD4A7}.Debug|Any CPU.Build.0 = Debug|Any CPU
		{8584677C-9C60-46FE-8C9C-36F4DFBAD4A7}.Release|Any CPU.ActiveCfg = Release|Any CPU
		{8584677C-9C60-46FE-8C9C-36F4DFBAD4A7}.Release|Any CPU.Build.0 = Release|Any CPU
		{A9A940F1-E50E-4064-ABFA-5F122A6D0B91}.Debug|Any CPU.ActiveCfg = Debug|Any CPU
		{A9A940F1-E50E-4064-ABFA-5F122A6D0B91}.Debug|Any CPU.Build.0 = Debug|Any CPU
		{A9A940F1-E50E-4064-ABFA-5F122A6D0B91}.Release|Any CPU.ActiveCfg = Release|Any CPU
		{A9A940F1-E50E-4064-ABFA-5F122A6D0B91}.Release|Any CPU.Build.0 = Release|Any CPU
		{003B200B-3C09-47B7-995F-DF79F491E535}.Debug|Any CPU.ActiveCfg = Debug|Any CPU
		{003B200B-3C09-47B7-995F-DF79F491E535}.Debug|Any CPU.Build.0 = Debug|Any CPU
		{003B200B-3C09-47B7-995F-DF79F491E535}.Release|Any CPU.ActiveCfg = Release|Any CPU
		{003B200B-3C09-47B7-995F-DF79F491E535}.Release|Any CPU.Build.0 = Release|Any CPU
		{3F309DEC-646A-4F2D-9323-1489D7D5B9E5}.Debug|Any CPU.ActiveCfg = Debug|Any CPU
		{3F309DEC-646A-4F2D-9323-1489D7D5B9E5}.Debug|Any CPU.Build.0 = Debug|Any CPU
		{3F309DEC-646A-4F2D-9323-1489D7D5B9E5}.Release|Any CPU.ActiveCfg = Release|Any CPU
		{3F309DEC-646A-4F2D-9323-1489D7D5B9E5}.Release|Any CPU.Build.0 = Release|Any CPU
		{6FB834A4-B2C4-4C44-9001-D1EC59F57B86}.Debug|Any CPU.ActiveCfg = Debug|Any CPU
		{6FB834A4-B2C4-4C44-9001-D1EC59F57B86}.Debug|Any CPU.Build.0 = Debug|Any CPU
		{6FB834A4-B2C4-4C44-9001-D1EC59F57B86}.Release|Any CPU.ActiveCfg = Release|Any CPU
		{6FB834A4-B2C4-4C44-9001-D1EC59F57B86}.Release|Any CPU.Build.0 = Release|Any CPU
		{81A707E7-4D1D-4115-900F-52ECC01291F3}.Debug|Any CPU.ActiveCfg = Debug|Any CPU
		{81A707E7-4D1D-4115-900F-52ECC01291F3}.Debug|Any CPU.Build.0 = Debug|Any CPU
		{81A707E7-4D1D-4115-900F-52ECC01291F3}.Release|Any CPU.ActiveCfg = Release|Any CPU
		{81A707E7-4D1D-4115-900F-52ECC01291F3}.Release|Any CPU.Build.0 = Release|Any CPU
		{01E440DD-1EB9-431C-B927-9B5753FAF4AD}.Debug|Any CPU.ActiveCfg = Debug|Any CPU
		{01E440DD-1EB9-431C-B927-9B5753FAF4AD}.Debug|Any CPU.Build.0 = Debug|Any CPU
		{01E440DD-1EB9-431C-B927-9B5753FAF4AD}.Release|Any CPU.ActiveCfg = Release|Any CPU
		{01E440DD-1EB9-431C-B927-9B5753FAF4AD}.Release|Any CPU.Build.0 = Release|Any CPU
		{AD499050-2D94-449D-B7F4-409A057CEEBA}.Debug|Any CPU.ActiveCfg = Debug|Any CPU
		{AD499050-2D94-449D-B7F4-409A057CEEBA}.Debug|Any CPU.Build.0 = Debug|Any CPU
		{AD499050-2D94-449D-B7F4-409A057CEEBA}.Release|Any CPU.ActiveCfg = Release|Any CPU
		{AD499050-2D94-449D-B7F4-409A057CEEBA}.Release|Any CPU.Build.0 = Release|Any CPU
		{B4AFC974-6630-4948-94AF-848FD6C13459}.Debug|Any CPU.ActiveCfg = Debug|Any CPU
		{B4AFC974-6630-4948-94AF-848FD6C13459}.Debug|Any CPU.Build.0 = Debug|Any CPU
		{B4AFC974-6630-4948-94AF-848FD6C13459}.Release|Any CPU.ActiveCfg = Release|Any CPU
		{B4AFC974-6630-4948-94AF-848FD6C13459}.Release|Any CPU.Build.0 = Release|Any CPU
		{B59B37C0-D32E-4259-B040-0F711038C2F1}.Debug|Any CPU.ActiveCfg = Debug|Any CPU
		{B59B37C0-D32E-4259-B040-0F711038C2F1}.Debug|Any CPU.Build.0 = Debug|Any CPU
		{B59B37C0-D32E-4259-B040-0F711038C2F1}.Release|Any CPU.ActiveCfg = Release|Any CPU
		{B59B37C0-D32E-4259-B040-0F711038C2F1}.Release|Any CPU.Build.0 = Release|Any CPU
		{B0A94D4F-8A63-4B95-A10D-B1248C665188}.Debug|Any CPU.ActiveCfg = Debug|Any CPU
		{B0A94D4F-8A63-4B95-A10D-B1248C665188}.Debug|Any CPU.Build.0 = Debug|Any CPU
		{B0A94D4F-8A63-4B95-A10D-B1248C665188}.Release|Any CPU.ActiveCfg = Release|Any CPU
		{B0A94D4F-8A63-4B95-A10D-B1248C665188}.Release|Any CPU.Build.0 = Release|Any CPU
	EndGlobalSection
	GlobalSection(SolutionProperties) = preSolution
		HideSolutionNode = FALSE
	EndGlobalSection
	GlobalSection(NestedProjects) = preSolution
		{B8B82BF5-2A25-40A7-9F97-65545B96C6DE} = {FC1986AF-12AD-4766-805F-8E13B64C024F}
		{8584677C-9C60-46FE-8C9C-36F4DFBAD4A7} = {B8B82BF5-2A25-40A7-9F97-65545B96C6DE}
		{FC472629-5099-4766-AA90-C83C8F00208A} = {FC1986AF-12AD-4766-805F-8E13B64C024F}
		{003B200B-3C09-47B7-995F-DF79F491E535} = {FC472629-5099-4766-AA90-C83C8F00208A}
		{C315DFCC-7895-44E2-816E-5581D9AA0B34} = {FC1986AF-12AD-4766-805F-8E13B64C024F}
		{3F309DEC-646A-4F2D-9323-1489D7D5B9E5} = {C315DFCC-7895-44E2-816E-5581D9AA0B34}
		{6FB834A4-B2C4-4C44-9001-D1EC59F57B86} = {C315DFCC-7895-44E2-816E-5581D9AA0B34}
		{EA003651-83B3-438D-8E9A-0FFAE6D8DE49} = {FC1986AF-12AD-4766-805F-8E13B64C024F}
		{81A707E7-4D1D-4115-900F-52ECC01291F3} = {EA003651-83B3-438D-8E9A-0FFAE6D8DE49}
		{01E440DD-1EB9-431C-B927-9B5753FAF4AD} = {EA003651-83B3-438D-8E9A-0FFAE6D8DE49}
		{AD499050-2D94-449D-B7F4-409A057CEEBA} = {EA003651-83B3-438D-8E9A-0FFAE6D8DE49}
		{B4AFC974-6630-4948-94AF-848FD6C13459} = {EA003651-83B3-438D-8E9A-0FFAE6D8DE49}
		{B59B37C0-D32E-4259-B040-0F711038C2F1} = {43097928-09E8-4C3A-92ED-5771397441F1}
		{B0A94D4F-8A63-4B95-A10D-B1248C665188} = {BAD6B094-322E-4CAF-87BD-1A92FD381D15}
	EndGlobalSection
	GlobalSection(ExtensibilityGlobals) = postSolution
		SolutionGuid = {A5891E45-517A-4448-94B2-5984571001AE}
	EndGlobalSection
EndGlobal
